
Microsoft Visual Studio Solution File, Format Version 12.00
# Visual Studio Version 17
VisualStudioVersion = 17.11.35222.181
MinimumVisualStudioVersion = 10.0.40219.1
Project("{2150E333-8FDC-42A3-9474-1A3956D46DE8}") = "Task0", "Task0", "{CAE36F69-7B4F-477C-B80B-04524699BC2D}"
EndProject
Project("{FAE04EC0-301F-11D3-BF4B-00C04F79EFBC}") = "Tyuiu.SyrtsovaSA.Sprint3.Task0.V26", "Tyuiu.SyrtsovaSA.Sprint3.Task0.V26\Tyuiu.SyrtsovaSA.Sprint3.Task0.V26.csproj", "{BDDEDF77-B733-416D-B857-2E52FB22E82B}"
EndProject
Project("{FAE04EC0-301F-11D3-BF4B-00C04F79EFBC}") = "Tyuiu.SyrtsovaSA.Sprint3.Task0.V26.Lib", "Tyuiu.SyrtsovaSA.Sprint3.Task0.V26.Lib\Tyuiu.SyrtsovaSA.Sprint3.Task0.V26.Lib.csproj", "{28FBBA31-E956-4560-8E8D-D0B35CFF9631}"
EndProject
Project("{FAE04EC0-301F-11D3-BF4B-00C04F79EFBC}") = "Tyuiu.SyrtsovaSA.Sprint3.Task0.V26.Test", "Tyuiu.SyrtsovaSA.Sprint3.Task0.V26.Test\Tyuiu.SyrtsovaSA.Sprint3.Task0.V26.Test.csproj", "{491DF1C6-A6ED-46D9-BAB0-4C2CF50B4F01}"
EndProject
Project("{2150E333-8FDC-42A3-9474-1A3956D46DE8}") = "Task1", "Task1", "{2989274C-11A0-49A9-88B6-9C0AE7769903}"
EndProject
Project("{FAE04EC0-301F-11D3-BF4B-00C04F79EFBC}") = "Tyuiu.SyrtsovaSA.Sprint3.Task1.V28", "Tyuiu.SyrtsovaSA.Sprint3.Task1.V28\Tyuiu.SyrtsovaSA.Sprint3.Task1.V28.csproj", "{5A9FE500-A2FE-40DB-B521-FE93F3250583}"
EndProject
Project("{FAE04EC0-301F-11D3-BF4B-00C04F79EFBC}") = "Tyuiu.SyrtsovaSA.Sprint3.Task1.V28.Lib", "Tyuiu.SyrtsovaSA.Sprint3.Task1.V28.Lib\Tyuiu.SyrtsovaSA.Sprint3.Task1.V28.Lib.csproj", "{11DAB0C4-7567-48AD-AF21-F5D118F78728}"
EndProject
Project("{FAE04EC0-301F-11D3-BF4B-00C04F79EFBC}") = "Tyuiu.SyrtsovaSA.Sprint3.Task1.V28.Test", "Tyuiu.SyrtsovaSA.Sprint3.Task1.V28.Test\Tyuiu.SyrtsovaSA.Sprint3.Task1.V28.Test.csproj", "{881A01DA-2E10-4CBA-9BFF-924A78F383C8}"
EndProject
Project("{2150E333-8FDC-42A3-9474-1A3956D46DE8}") = "Task2", "Task2", "{3F53A03A-D930-493E-9113-2CEB373EB7AB}"
EndProject
Project("{FAE04EC0-301F-11D3-BF4B-00C04F79EFBC}") = "Tyuiu.SyrtsovaSA.Sprint3.Task2.V19", "Tyuiu.SyrtsovaSA.Sprint3.Task2.V19\Tyuiu.SyrtsovaSA.Sprint3.Task2.V19.csproj", "{59995F23-5B42-4603-807E-DF162A0FB047}"
EndProject
Project("{FAE04EC0-301F-11D3-BF4B-00C04F79EFBC}") = "Tyuiu.SyrtsovaSA.Sprint3.Task2.V19.Lib", "Tyuiu.SyrtsovaSA.Sprint3.Task2.V19.Lib\Tyuiu.SyrtsovaSA.Sprint3.Task2.V19.Lib.csproj", "{A33EEB5E-8250-4CC3-9862-C1B02EFF44A1}"
EndProject
Project("{FAE04EC0-301F-11D3-BF4B-00C04F79EFBC}") = "Tyuiu.SyrtsovaSA.Sprint3.Task2.V19.Test", "Tyuiu.SyrtsovaSA.Sprint3.Task2.V19.Test\Tyuiu.SyrtsovaSA.Sprint3.Task2.V19.Test.csproj", "{7089D798-CCE4-4CB6-AB48-C0B671A07FC1}"
EndProject
Project("{2150E333-8FDC-42A3-9474-1A3956D46DE8}") = "Task3", "Task3", "{3C6182CF-3CC7-4E2B-8ED0-0F5A140A0B02}"
EndProject
Project("{FAE04EC0-301F-11D3-BF4B-00C04F79EFBC}") = "Tyuiu.SyrtsovaSA.Sprint3.Task3.V11", "Tyuiu.SyrtsovaSA.Sprint3.Task3.V11\Tyuiu.SyrtsovaSA.Sprint3.Task3.V11.csproj", "{FA0A7C32-838E-4CD0-AAAA-8C54796BF1EA}"
EndProject
Project("{FAE04EC0-301F-11D3-BF4B-00C04F79EFBC}") = "Tyuiu.SyrtsovaSA.Sprint3.Task3.V11.Lib", "Tyuiu.SyrtsovaSA.Sprint3.Task3.V11.Lib\Tyuiu.SyrtsovaSA.Sprint3.Task3.V11.Lib.csproj", "{21B5C243-0C10-48C4-B75A-4A06F814EBE7}"
EndProject
Project("{FAE04EC0-301F-11D3-BF4B-00C04F79EFBC}") = "Tyuiu.SyrtsovaSA.Sprint3.Task3.V11.Test", "Tyuiu.SyrtsovaSA.Sprint3.Task3.V11.Test\Tyuiu.SyrtsovaSA.Sprint3.Task3.V11.Test.csproj", "{204C3FF9-C9A0-45FD-80A6-B0B2299C8784}"
EndProject
Project("{2150E333-8FDC-42A3-9474-1A3956D46DE8}") = "Task4", "Task4", "{46E18A51-4D09-45CE-A998-3DF6CC9ABA73}"
EndProject
Project("{FAE04EC0-301F-11D3-BF4B-00C04F79EFBC}") = "Tyuiu.SyrtsovaSA.Sprint3.Task4.V2", "Tyuiu.SyrtsovaSA.Sprint3.Task4.V2\Tyuiu.SyrtsovaSA.Sprint3.Task4.V2.csproj", "{75F59D29-7EE5-4B94-B80D-28211F7FE7F9}"
EndProject
Project("{FAE04EC0-301F-11D3-BF4B-00C04F79EFBC}") = "Tyuiu.SyrtsovaSA.Sprint3.Task4.V2.Lib", "Tyuiu.SyrtsovaSA.Sprint3.Task4.V2.Lib\Tyuiu.SyrtsovaSA.Sprint3.Task4.V2.Lib.csproj", "{F48F4866-9BBA-47B7-A902-BCCF693365C5}"
EndProject
Project("{FAE04EC0-301F-11D3-BF4B-00C04F79EFBC}") = "Tyuiu.SyrtsovaSA.Sprint3.Task4.V2.Test", "Tyuiu.SyrtsovaSA.Sprint3.Task4.V2.Test\Tyuiu.SyrtsovaSA.Sprint3.Task4.V2.Test.csproj", "{956C9A3B-7A63-4A60-843A-38B2211331BC}"
EndProject
Project("{2150E333-8FDC-42A3-9474-1A3956D46DE8}") = "Task5", "Task5", "{EEE31BC1-5343-49FF-9E85-195BAB61F869}"
EndProject
Project("{FAE04EC0-301F-11D3-BF4B-00C04F79EFBC}") = "Tyuiu.SyrtsovaSA.Sprint3.Task5.V12", "Tyuiu.SyrtsovaSA.Sprint3.Task5.V12\Tyuiu.SyrtsovaSA.Sprint3.Task5.V12.csproj", "{95C8A8D9-2B58-4DFC-9F41-3CB4F1D14E60}"
EndProject
Project("{FAE04EC0-301F-11D3-BF4B-00C04F79EFBC}") = "Tyuiu.SyrtsovaSA.Sprint3.Task5.V12.Lib", "Tyuiu.SyrtsovaSA.Sprint3.Task5.V12.Lib\Tyuiu.SyrtsovaSA.Sprint3.Task5.V12.Lib.csproj", "{296C416F-D1A1-4B7B-8F1C-D6E4E3AAD111}"
EndProject
Project("{FAE04EC0-301F-11D3-BF4B-00C04F79EFBC}") = "Tyuiu.SyrtsovaSA.Sprint3.Task5.V12.Test", "Tyuiu.SyrtsovaSA.Sprint3.Task5.V12.Test\Tyuiu.SyrtsovaSA.Sprint3.Task5.V12.Test.csproj", "{3D8652B3-2BB0-4282-9026-C00F000ECDF4}"
EndProject
Project("{2150E333-8FDC-42A3-9474-1A3956D46DE8}") = "Task6", "Task6", "{4E53631E-D9CD-42BA-8276-CA20DACABAB6}"
EndProject
Project("{FAE04EC0-301F-11D3-BF4B-00C04F79EFBC}") = "Tyuiu.SyrtsovaSA.Sprint3.Task6.V13", "Tyuiu.SyrtsovaSA.Sprint3.Task6.V13\Tyuiu.SyrtsovaSA.Sprint3.Task6.V13.csproj", "{F7E8BC71-6CC8-427F-90CE-FF3B9F9C2BB6}"
EndProject
Project("{FAE04EC0-301F-11D3-BF4B-00C04F79EFBC}") = "Tyuiu.SyrtsovaSA.Sprint3.Task6.V13.Lib", "Tyuiu.SyrtsovaSA.Sprint3.Task6.V13.Lib\Tyuiu.SyrtsovaSA.Sprint3.Task6.V13.Lib.csproj", "{3CCCE7D5-8908-479F-926B-3FA5FC088C21}"
EndProject
Project("{FAE04EC0-301F-11D3-BF4B-00C04F79EFBC}") = "Tyuiu.SyrtsovaSA.Sprint3.Task6.V13.Test", "Tyuiu.SyrtsovaSA.Sprint3.Task6.V13.Test\Tyuiu.SyrtsovaSA.Sprint3.Task6.V13.Test.csproj", "{D5E4D508-7C8B-4C0A-9B12-171950229F48}"
EndProject
Project("{2150E333-8FDC-42A3-9474-1A3956D46DE8}") = "Task7", "Task7", "{95E5BF8C-8FBF-44D5-9B12-51411FF10A7C}"
EndProject
Project("{FAE04EC0-301F-11D3-BF4B-00C04F79EFBC}") = "Tyuiu.SyrtsovaSA.Sprint3.Task7.V6", "Tyuiu.SyrtsovaSA.Sprint3.Task7.V6\Tyuiu.SyrtsovaSA.Sprint3.Task7.V6.csproj", "{318E8694-9680-4ED0-8D32-90B7376FF299}"
EndProject
Project("{FAE04EC0-301F-11D3-BF4B-00C04F79EFBC}") = "Tyuiu.SyrtsovaSA.Sprint3.Task7.V6.Lib", "Tyuiu.SyrtsovaSA.Sprint3.Task7.V6.Lib\Tyuiu.SyrtsovaSA.Sprint3.Task7.V6.Lib.csproj", "{0FAAC6F8-83CF-48E4-8B3C-E733D72AB5FF}"
EndProject
Project("{FAE04EC0-301F-11D3-BF4B-00C04F79EFBC}") = "Tyuiu.SyrtsovaSA.Sprint3.Task7.V6.Test", "Tyuiu.SyrtsovaSA.Sprint3.Task7.V6.Test\Tyuiu.SyrtsovaSA.Sprint3.Task7.V6.Test.csproj", "{9D6A4834-4904-48F3-98B4-AA94BF803EA9}"
EndProject
Global
	GlobalSection(SolutionProperties) = preSolution
		HideSolutionNode = FALSE
	EndGlobalSection
	GlobalSection(ExtensibilityGlobals) = postSolution
		SolutionGuid = {0C3598A0-5B87-48A9-8B00-6ADF446C5F72}
	EndGlobalSection
	GlobalSection(SolutionConfigurationPlatforms) = preSolution
		Debug|Any CPU = Debug|Any CPU
		Debug|x64 = Debug|x64
		Debug|x86 = Debug|x86
		Release|Any CPU = Release|Any CPU
		Release|x64 = Release|x64
		Release|x86 = Release|x86
	EndGlobalSection
	GlobalSection(ProjectConfigurationPlatforms) = postSolution
		{BDDEDF77-B733-416D-B857-2E52FB22E82B}.Debug|Any CPU.ActiveCfg = Debug|Any CPU
		{BDDEDF77-B733-416D-B857-2E52FB22E82B}.Debug|Any CPU.Build.0 = Debug|Any CPU
		{BDDEDF77-B733-416D-B857-2E52FB22E82B}.Debug|x64.ActiveCfg = Debug|Any CPU
		{BDDEDF77-B733-416D-B857-2E52FB22E82B}.Debug|x64.Build.0 = Debug|Any CPU
		{BDDEDF77-B733-416D-B857-2E52FB22E82B}.Debug|x86.ActiveCfg = Debug|Any CPU
		{BDDEDF77-B733-416D-B857-2E52FB22E82B}.Debug|x86.Build.0 = Debug|Any CPU
		{BDDEDF77-B733-416D-B857-2E52FB22E82B}.Release|Any CPU.ActiveCfg = Release|Any CPU
		{BDDEDF77-B733-416D-B857-2E52FB22E82B}.Release|Any CPU.Build.0 = Release|Any CPU
		{BDDEDF77-B733-416D-B857-2E52FB22E82B}.Release|x64.ActiveCfg = Release|Any CPU
		{BDDEDF77-B733-416D-B857-2E52FB22E82B}.Release|x64.Build.0 = Release|Any CPU
		{BDDEDF77-B733-416D-B857-2E52FB22E82B}.Release|x86.ActiveCfg = Release|Any CPU
		{BDDEDF77-B733-416D-B857-2E52FB22E82B}.Release|x86.Build.0 = Release|Any CPU
		{28FBBA31-E956-4560-8E8D-D0B35CFF9631}.Debug|Any CPU.ActiveCfg = Debug|Any CPU
		{28FBBA31-E956-4560-8E8D-D0B35CFF9631}.Debug|Any CPU.Build.0 = Debug|Any CPU
		{28FBBA31-E956-4560-8E8D-D0B35CFF9631}.Debug|x64.ActiveCfg = Debug|Any CPU
		{28FBBA31-E956-4560-8E8D-D0B35CFF9631}.Debug|x64.Build.0 = Debug|Any CPU
		{28FBBA31-E956-4560-8E8D-D0B35CFF9631}.Debug|x86.ActiveCfg = Debug|Any CPU
		{28FBBA31-E956-4560-8E8D-D0B35CFF9631}.Debug|x86.Build.0 = Debug|Any CPU
		{28FBBA31-E956-4560-8E8D-D0B35CFF9631}.Release|Any CPU.ActiveCfg = Release|Any CPU
		{28FBBA31-E956-4560-8E8D-D0B35CFF9631}.Release|Any CPU.Build.0 = Release|Any CPU
		{28FBBA31-E956-4560-8E8D-D0B35CFF9631}.Release|x64.ActiveCfg = Release|Any CPU
		{28FBBA31-E956-4560-8E8D-D0B35CFF9631}.Release|x64.Build.0 = Release|Any CPU
		{28FBBA31-E956-4560-8E8D-D0B35CFF9631}.Release|x86.ActiveCfg = Release|Any CPU
		{28FBBA31-E956-4560-8E8D-D0B35CFF9631}.Release|x86.Build.0 = Release|Any CPU
		{491DF1C6-A6ED-46D9-BAB0-4C2CF50B4F01}.Debug|Any CPU.ActiveCfg = Debug|Any CPU
		{491DF1C6-A6ED-46D9-BAB0-4C2CF50B4F01}.Debug|Any CPU.Build.0 = Debug|Any CPU
		{491DF1C6-A6ED-46D9-BAB0-4C2CF50B4F01}.Debug|x64.ActiveCfg = Debug|Any CPU
		{491DF1C6-A6ED-46D9-BAB0-4C2CF50B4F01}.Debug|x64.Build.0 = Debug|Any CPU
		{491DF1C6-A6ED-46D9-BAB0-4C2CF50B4F01}.Debug|x86.ActiveCfg = Debug|Any CPU
		{491DF1C6-A6ED-46D9-BAB0-4C2CF50B4F01}.Debug|x86.Build.0 = Debug|Any CPU
		{491DF1C6-A6ED-46D9-BAB0-4C2CF50B4F01}.Release|Any CPU.ActiveCfg = Release|Any CPU
		{491DF1C6-A6ED-46D9-BAB0-4C2CF50B4F01}.Release|Any CPU.Build.0 = Release|Any CPU
		{491DF1C6-A6ED-46D9-BAB0-4C2CF50B4F01}.Release|x64.ActiveCfg = Release|Any CPU
		{491DF1C6-A6ED-46D9-BAB0-4C2CF50B4F01}.Release|x64.Build.0 = Release|Any CPU
		{491DF1C6-A6ED-46D9-BAB0-4C2CF50B4F01}.Release|x86.ActiveCfg = Release|Any CPU
		{491DF1C6-A6ED-46D9-BAB0-4C2CF50B4F01}.Release|x86.Build.0 = Release|Any CPU
		{5A9FE500-A2FE-40DB-B521-FE93F3250583}.Debug|Any CPU.ActiveCfg = Debug|Any CPU
		{5A9FE500-A2FE-40DB-B521-FE93F3250583}.Debug|Any CPU.Build.0 = Debug|Any CPU
		{5A9FE500-A2FE-40DB-B521-FE93F3250583}.Debug|x64.ActiveCfg = Debug|Any CPU
		{5A9FE500-A2FE-40DB-B521-FE93F3250583}.Debug|x64.Build.0 = Debug|Any CPU
		{5A9FE500-A2FE-40DB-B521-FE93F3250583}.Debug|x86.ActiveCfg = Debug|Any CPU
		{5A9FE500-A2FE-40DB-B521-FE93F3250583}.Debug|x86.Build.0 = Debug|Any CPU
		{5A9FE500-A2FE-40DB-B521-FE93F3250583}.Release|Any CPU.ActiveCfg = Release|Any CPU
		{5A9FE500-A2FE-40DB-B521-FE93F3250583}.Release|Any CPU.Build.0 = Release|Any CPU
		{5A9FE500-A2FE-40DB-B521-FE93F3250583}.Release|x64.ActiveCfg = Release|Any CPU
		{5A9FE500-A2FE-40DB-B521-FE93F3250583}.Release|x64.Build.0 = Release|Any CPU
		{5A9FE500-A2FE-40DB-B521-FE93F3250583}.Release|x86.ActiveCfg = Release|Any CPU
		{5A9FE500-A2FE-40DB-B521-FE93F3250583}.Release|x86.Build.0 = Release|Any CPU
		{11DAB0C4-7567-48AD-AF21-F5D118F78728}.Debug|Any CPU.ActiveCfg = Debug|Any CPU
		{11DAB0C4-7567-48AD-AF21-F5D118F78728}.Debug|Any CPU.Build.0 = Debug|Any CPU
		{11DAB0C4-7567-48AD-AF21-F5D118F78728}.Debug|x64.ActiveCfg = Debug|Any CPU
		{11DAB0C4-7567-48AD-AF21-F5D118F78728}.Debug|x64.Build.0 = Debug|Any CPU
		{11DAB0C4-7567-48AD-AF21-F5D118F78728}.Debug|x86.ActiveCfg = Debug|Any CPU
		{11DAB0C4-7567-48AD-AF21-F5D118F78728}.Debug|x86.Build.0 = Debug|Any CPU
		{11DAB0C4-7567-48AD-AF21-F5D118F78728}.Release|Any CPU.ActiveCfg = Release|Any CPU
		{11DAB0C4-7567-48AD-AF21-F5D118F78728}.Release|Any CPU.Build.0 = Release|Any CPU
		{11DAB0C4-7567-48AD-AF21-F5D118F78728}.Release|x64.ActiveCfg = Release|Any CPU
		{11DAB0C4-7567-48AD-AF21-F5D118F78728}.Release|x64.Build.0 = Release|Any CPU
		{11DAB0C4-7567-48AD-AF21-F5D118F78728}.Release|x86.ActiveCfg = Release|Any CPU
		{11DAB0C4-7567-48AD-AF21-F5D118F78728}.Release|x86.Build.0 = Release|Any CPU
		{881A01DA-2E10-4CBA-9BFF-924A78F383C8}.Debug|Any CPU.ActiveCfg = Debug|Any CPU
		{881A01DA-2E10-4CBA-9BFF-924A78F383C8}.Debug|Any CPU.Build.0 = Debug|Any CPU
		{881A01DA-2E10-4CBA-9BFF-924A78F383C8}.Debug|x64.ActiveCfg = Debug|Any CPU
		{881A01DA-2E10-4CBA-9BFF-924A78F383C8}.Debug|x64.Build.0 = Debug|Any CPU
		{881A01DA-2E10-4CBA-9BFF-924A78F383C8}.Debug|x86.ActiveCfg = Debug|Any CPU
		{881A01DA-2E10-4CBA-9BFF-924A78F383C8}.Debug|x86.Build.0 = Debug|Any CPU
		{881A01DA-2E10-4CBA-9BFF-924A78F383C8}.Release|Any CPU.ActiveCfg = Release|Any CPU
		{881A01DA-2E10-4CBA-9BFF-924A78F383C8}.Release|Any CPU.Build.0 = Release|Any CPU
		{881A01DA-2E10-4CBA-9BFF-924A78F383C8}.Release|x64.ActiveCfg = Release|Any CPU
		{881A01DA-2E10-4CBA-9BFF-924A78F383C8}.Release|x64.Build.0 = Release|Any CPU
		{881A01DA-2E10-4CBA-9BFF-924A78F383C8}.Release|x86.ActiveCfg = Release|Any CPU
		{881A01DA-2E10-4CBA-9BFF-924A78F383C8}.Release|x86.Build.0 = Release|Any CPU
		{59995F23-5B42-4603-807E-DF162A0FB047}.Debug|Any CPU.ActiveCfg = Debug|Any CPU
		{59995F23-5B42-4603-807E-DF162A0FB047}.Debug|Any CPU.Build.0 = Debug|Any CPU
		{59995F23-5B42-4603-807E-DF162A0FB047}.Debug|x64.ActiveCfg = Debug|Any CPU
		{59995F23-5B42-4603-807E-DF162A0FB047}.Debug|x64.Build.0 = Debug|Any CPU
		{59995F23-5B42-4603-807E-DF162A0FB047}.Debug|x86.ActiveCfg = Debug|Any CPU
		{59995F23-5B42-4603-807E-DF162A0FB047}.Debug|x86.Build.0 = Debug|Any CPU
		{59995F23-5B42-4603-807E-DF162A0FB047}.Release|Any CPU.ActiveCfg = Release|Any CPU
		{59995F23-5B42-4603-807E-DF162A0FB047}.Release|Any CPU.Build.0 = Release|Any CPU
		{59995F23-5B42-4603-807E-DF162A0FB047}.Release|x64.ActiveCfg = Release|Any CPU
		{59995F23-5B42-4603-807E-DF162A0FB047}.Release|x64.Build.0 = Release|Any CPU
		{59995F23-5B42-4603-807E-DF162A0FB047}.Release|x86.ActiveCfg = Release|Any CPU
		{59995F23-5B42-4603-807E-DF162A0FB047}.Release|x86.Build.0 = Release|Any CPU
		{A33EEB5E-8250-4CC3-9862-C1B02EFF44A1}.Debug|Any CPU.ActiveCfg = Debug|Any CPU
		{A33EEB5E-8250-4CC3-9862-C1B02EFF44A1}.Debug|Any CPU.Build.0 = Debug|Any CPU
		{A33EEB5E-8250-4CC3-9862-C1B02EFF44A1}.Debug|x64.ActiveCfg = Debug|Any CPU
		{A33EEB5E-8250-4CC3-9862-C1B02EFF44A1}.Debug|x64.Build.0 = Debug|Any CPU
		{A33EEB5E-8250-4CC3-9862-C1B02EFF44A1}.Debug|x86.ActiveCfg = Debug|Any CPU
		{A33EEB5E-8250-4CC3-9862-C1B02EFF44A1}.Debug|x86.Build.0 = Debug|Any CPU
		{A33EEB5E-8250-4CC3-9862-C1B02EFF44A1}.Release|Any CPU.ActiveCfg = Release|Any CPU
		{A33EEB5E-8250-4CC3-9862-C1B02EFF44A1}.Release|Any CPU.Build.0 = Release|Any CPU
		{A33EEB5E-8250-4CC3-9862-C1B02EFF44A1}.Release|x64.ActiveCfg = Release|Any CPU
		{A33EEB5E-8250-4CC3-9862-C1B02EFF44A1}.Release|x64.Build.0 = Release|Any CPU
		{A33EEB5E-8250-4CC3-9862-C1B02EFF44A1}.Release|x86.ActiveCfg = Release|Any CPU
		{A33EEB5E-8250-4CC3-9862-C1B02EFF44A1}.Release|x86.Build.0 = Release|Any CPU
		{7089D798-CCE4-4CB6-AB48-C0B671A07FC1}.Debug|Any CPU.ActiveCfg = Debug|Any CPU
		{7089D798-CCE4-4CB6-AB48-C0B671A07FC1}.Debug|Any CPU.Build.0 = Debug|Any CPU
		{7089D798-CCE4-4CB6-AB48-C0B671A07FC1}.Debug|x64.ActiveCfg = Debug|Any CPU
		{7089D798-CCE4-4CB6-AB48-C0B671A07FC1}.Debug|x64.Build.0 = Debug|Any CPU
		{7089D798-CCE4-4CB6-AB48-C0B671A07FC1}.Debug|x86.ActiveCfg = Debug|Any CPU
		{7089D798-CCE4-4CB6-AB48-C0B671A07FC1}.Debug|x86.Build.0 = Debug|Any CPU
		{7089D798-CCE4-4CB6-AB48-C0B671A07FC1}.Release|Any CPU.ActiveCfg = Release|Any CPU
		{7089D798-CCE4-4CB6-AB48-C0B671A07FC1}.Release|Any CPU.Build.0 = Release|Any CPU
		{7089D798-CCE4-4CB6-AB48-C0B671A07FC1}.Release|x64.ActiveCfg = Release|Any CPU
		{7089D798-CCE4-4CB6-AB48-C0B671A07FC1}.Release|x64.Build.0 = Release|Any CPU
		{7089D798-CCE4-4CB6-AB48-C0B671A07FC1}.Release|x86.ActiveCfg = Release|Any CPU
		{7089D798-CCE4-4CB6-AB48-C0B671A07FC1}.Release|x86.Build.0 = Release|Any CPU
		{FA0A7C32-838E-4CD0-AAAA-8C54796BF1EA}.Debug|Any CPU.ActiveCfg = Debug|Any CPU
		{FA0A7C32-838E-4CD0-AAAA-8C54796BF1EA}.Debug|Any CPU.Build.0 = Debug|Any CPU
		{FA0A7C32-838E-4CD0-AAAA-8C54796BF1EA}.Debug|x64.ActiveCfg = Debug|Any CPU
		{FA0A7C32-838E-4CD0-AAAA-8C54796BF1EA}.Debug|x64.Build.0 = Debug|Any CPU
		{FA0A7C32-838E-4CD0-AAAA-8C54796BF1EA}.Debug|x86.ActiveCfg = Debug|Any CPU
		{FA0A7C32-838E-4CD0-AAAA-8C54796BF1EA}.Debug|x86.Build.0 = Debug|Any CPU
		{FA0A7C32-838E-4CD0-AAAA-8C54796BF1EA}.Release|Any CPU.ActiveCfg = Release|Any CPU
		{FA0A7C32-838E-4CD0-AAAA-8C54796BF1EA}.Release|Any CPU.Build.0 = Release|Any CPU
		{FA0A7C32-838E-4CD0-AAAA-8C54796BF1EA}.Release|x64.ActiveCfg = Release|Any CPU
		{FA0A7C32-838E-4CD0-AAAA-8C54796BF1EA}.Release|x64.Build.0 = Release|Any CPU
		{FA0A7C32-838E-4CD0-AAAA-8C54796BF1EA}.Release|x86.ActiveCfg = Release|Any CPU
		{FA0A7C32-838E-4CD0-AAAA-8C54796BF1EA}.Release|x86.Build.0 = Release|Any CPU
		{21B5C243-0C10-48C4-B75A-4A06F814EBE7}.Debug|Any CPU.ActiveCfg = Debug|Any CPU
		{21B5C243-0C10-48C4-B75A-4A06F814EBE7}.Debug|Any CPU.Build.0 = Debug|Any CPU
		{21B5C243-0C10-48C4-B75A-4A06F814EBE7}.Debug|x64.ActiveCfg = Debug|Any CPU
		{21B5C243-0C10-48C4-B75A-4A06F814EBE7}.Debug|x64.Build.0 = Debug|Any CPU
		{21B5C243-0C10-48C4-B75A-4A06F814EBE7}.Debug|x86.ActiveCfg = Debug|Any CPU
		{21B5C243-0C10-48C4-B75A-4A06F814EBE7}.Debug|x86.Build.0 = Debug|Any CPU
		{21B5C243-0C10-48C4-B75A-4A06F814EBE7}.Release|Any CPU.ActiveCfg = Release|Any CPU
		{21B5C243-0C10-48C4-B75A-4A06F814EBE7}.Release|Any CPU.Build.0 = Release|Any CPU
		{21B5C243-0C10-48C4-B75A-4A06F814EBE7}.Release|x64.ActiveCfg = Release|Any CPU
		{21B5C243-0C10-48C4-B75A-4A06F814EBE7}.Release|x64.Build.0 = Release|Any CPU
		{21B5C243-0C10-48C4-B75A-4A06F814EBE7}.Release|x86.ActiveCfg = Release|Any CPU
		{21B5C243-0C10-48C4-B75A-4A06F814EBE7}.Release|x86.Build.0 = Release|Any CPU
		{204C3FF9-C9A0-45FD-80A6-B0B2299C8784}.Debug|Any CPU.ActiveCfg = Debug|Any CPU
		{204C3FF9-C9A0-45FD-80A6-B0B2299C8784}.Debug|Any CPU.Build.0 = Debug|Any CPU
		{204C3FF9-C9A0-45FD-80A6-B0B2299C8784}.Debug|x64.ActiveCfg = Debug|Any CPU
		{204C3FF9-C9A0-45FD-80A6-B0B2299C8784}.Debug|x64.Build.0 = Debug|Any CPU
		{204C3FF9-C9A0-45FD-80A6-B0B2299C8784}.Debug|x86.ActiveCfg = Debug|Any CPU
		{204C3FF9-C9A0-45FD-80A6-B0B2299C8784}.Debug|x86.Build.0 = Debug|Any CPU
		{204C3FF9-C9A0-45FD-80A6-B0B2299C8784}.Release|Any CPU.ActiveCfg = Release|Any CPU
		{204C3FF9-C9A0-45FD-80A6-B0B2299C8784}.Release|Any CPU.Build.0 = Release|Any CPU
		{204C3FF9-C9A0-45FD-80A6-B0B2299C8784}.Release|x64.ActiveCfg = Release|Any CPU
		{204C3FF9-C9A0-45FD-80A6-B0B2299C8784}.Release|x64.Build.0 = Release|Any CPU
		{204C3FF9-C9A0-45FD-80A6-B0B2299C8784}.Release|x86.ActiveCfg = Release|Any CPU
		{204C3FF9-C9A0-45FD-80A6-B0B2299C8784}.Release|x86.Build.0 = Release|Any CPU
		{75F59D29-7EE5-4B94-B80D-28211F7FE7F9}.Debug|Any CPU.ActiveCfg = Debug|Any CPU
		{75F59D29-7EE5-4B94-B80D-28211F7FE7F9}.Debug|Any CPU.Build.0 = Debug|Any CPU
		{75F59D29-7EE5-4B94-B80D-28211F7FE7F9}.Debug|x64.ActiveCfg = Debug|Any CPU
		{75F59D29-7EE5-4B94-B80D-28211F7FE7F9}.Debug|x64.Build.0 = Debug|Any CPU
		{75F59D29-7EE5-4B94-B80D-28211F7FE7F9}.Debug|x86.ActiveCfg = Debug|Any CPU
		{75F59D29-7EE5-4B94-B80D-28211F7FE7F9}.Debug|x86.Build.0 = Debug|Any CPU
		{75F59D29-7EE5-4B94-B80D-28211F7FE7F9}.Release|Any CPU.ActiveCfg = Release|Any CPU
		{75F59D29-7EE5-4B94-B80D-28211F7FE7F9}.Release|Any CPU.Build.0 = Release|Any CPU
		{75F59D29-7EE5-4B94-B80D-28211F7FE7F9}.Release|x64.ActiveCfg = Release|Any CPU
		{75F59D29-7EE5-4B94-B80D-28211F7FE7F9}.Release|x64.Build.0 = Release|Any CPU
		{75F59D29-7EE5-4B94-B80D-28211F7FE7F9}.Release|x86.ActiveCfg = Release|Any CPU
		{75F59D29-7EE5-4B94-B80D-28211F7FE7F9}.Release|x86.Build.0 = Release|Any CPU
		{F48F4866-9BBA-47B7-A902-BCCF693365C5}.Debug|Any CPU.ActiveCfg = Debug|Any CPU
		{F48F4866-9BBA-47B7-A902-BCCF693365C5}.Debug|Any CPU.Build.0 = Debug|Any CPU
		{F48F4866-9BBA-47B7-A902-BCCF693365C5}.Debug|x64.ActiveCfg = Debug|Any CPU
		{F48F4866-9BBA-47B7-A902-BCCF693365C5}.Debug|x64.Build.0 = Debug|Any CPU
		{F48F4866-9BBA-47B7-A902-BCCF693365C5}.Debug|x86.ActiveCfg = Debug|Any CPU
		{F48F4866-9BBA-47B7-A902-BCCF693365C5}.Debug|x86.Build.0 = Debug|Any CPU
		{F48F4866-9BBA-47B7-A902-BCCF693365C5}.Release|Any CPU.ActiveCfg = Release|Any CPU
		{F48F4866-9BBA-47B7-A902-BCCF693365C5}.Release|Any CPU.Build.0 = Release|Any CPU
		{F48F4866-9BBA-47B7-A902-BCCF693365C5}.Release|x64.ActiveCfg = Release|Any CPU
		{F48F4866-9BBA-47B7-A902-BCCF693365C5}.Release|x64.Build.0 = Release|Any CPU
		{F48F4866-9BBA-47B7-A902-BCCF693365C5}.Release|x86.ActiveCfg = Release|Any CPU
		{F48F4866-9BBA-47B7-A902-BCCF693365C5}.Release|x86.Build.0 = Release|Any CPU
		{956C9A3B-7A63-4A60-843A-38B2211331BC}.Debug|Any CPU.ActiveCfg = Debug|Any CPU
		{956C9A3B-7A63-4A60-843A-38B2211331BC}.Debug|Any CPU.Build.0 = Debug|Any CPU
		{956C9A3B-7A63-4A60-843A-38B2211331BC}.Debug|x64.ActiveCfg = Debug|Any CPU
		{956C9A3B-7A63-4A60-843A-38B2211331BC}.Debug|x64.Build.0 = Debug|Any CPU
		{956C9A3B-7A63-4A60-843A-38B2211331BC}.Debug|x86.ActiveCfg = Debug|Any CPU
		{956C9A3B-7A63-4A60-843A-38B2211331BC}.Debug|x86.Build.0 = Debug|Any CPU
		{956C9A3B-7A63-4A60-843A-38B2211331BC}.Release|Any CPU.ActiveCfg = Release|Any CPU
		{956C9A3B-7A63-4A60-843A-38B2211331BC}.Release|Any CPU.Build.0 = Release|Any CPU
		{956C9A3B-7A63-4A60-843A-38B2211331BC}.Release|x64.ActiveCfg = Release|Any CPU
		{956C9A3B-7A63-4A60-843A-38B2211331BC}.Release|x64.Build.0 = Release|Any CPU
		{956C9A3B-7A63-4A60-843A-38B2211331BC}.Release|x86.ActiveCfg = Release|Any CPU
		{956C9A3B-7A63-4A60-843A-38B2211331BC}.Release|x86.Build.0 = Release|Any CPU
		{95C8A8D9-2B58-4DFC-9F41-3CB4F1D14E60}.Debug|Any CPU.ActiveCfg = Debug|Any CPU
		{95C8A8D9-2B58-4DFC-9F41-3CB4F1D14E60}.Debug|Any CPU.Build.0 = Debug|Any CPU
		{95C8A8D9-2B58-4DFC-9F41-3CB4F1D14E60}.Debug|x64.ActiveCfg = Debug|Any CPU
		{95C8A8D9-2B58-4DFC-9F41-3CB4F1D14E60}.Debug|x64.Build.0 = Debug|Any CPU
		{95C8A8D9-2B58-4DFC-9F41-3CB4F1D14E60}.Debug|x86.ActiveCfg = Debug|Any CPU
		{95C8A8D9-2B58-4DFC-9F41-3CB4F1D14E60}.Debug|x86.Build.0 = Debug|Any CPU
		{95C8A8D9-2B58-4DFC-9F41-3CB4F1D14E60}.Release|Any CPU.ActiveCfg = Release|Any CPU
		{95C8A8D9-2B58-4DFC-9F41-3CB4F1D14E60}.Release|Any CPU.Build.0 = Release|Any CPU
		{95C8A8D9-2B58-4DFC-9F41-3CB4F1D14E60}.Release|x64.ActiveCfg = Release|Any CPU
		{95C8A8D9-2B58-4DFC-9F41-3CB4F1D14E60}.Release|x64.Build.0 = Release|Any CPU
		{95C8A8D9-2B58-4DFC-9F41-3CB4F1D14E60}.Release|x86.ActiveCfg = Release|Any CPU
		{95C8A8D9-2B58-4DFC-9F41-3CB4F1D14E60}.Release|x86.Build.0 = Release|Any CPU
		{296C416F-D1A1-4B7B-8F1C-D6E4E3AAD111}.Debug|Any CPU.ActiveCfg = Debug|Any CPU
		{296C416F-D1A1-4B7B-8F1C-D6E4E3AAD111}.Debug|Any CPU.Build.0 = Debug|Any CPU
		{296C416F-D1A1-4B7B-8F1C-D6E4E3AAD111}.Debug|x64.ActiveCfg = Debug|Any CPU
		{296C416F-D1A1-4B7B-8F1C-D6E4E3AAD111}.Debug|x64.Build.0 = Debug|Any CPU
		{296C416F-D1A1-4B7B-8F1C-D6E4E3AAD111}.Debug|x86.ActiveCfg = Debug|Any CPU
		{296C416F-D1A1-4B7B-8F1C-D6E4E3AAD111}.Debug|x86.Build.0 = Debug|Any CPU
		{296C416F-D1A1-4B7B-8F1C-D6E4E3AAD111}.Release|Any CPU.ActiveCfg = Release|Any CPU
		{296C416F-D1A1-4B7B-8F1C-D6E4E3AAD111}.Release|Any CPU.Build.0 = Release|Any CPU
		{296C416F-D1A1-4B7B-8F1C-D6E4E3AAD111}.Release|x64.ActiveCfg = Release|Any CPU
		{296C416F-D1A1-4B7B-8F1C-D6E4E3AAD111}.Release|x64.Build.0 = Release|Any CPU
		{296C416F-D1A1-4B7B-8F1C-D6E4E3AAD111}.Release|x86.ActiveCfg = Release|Any CPU
		{296C416F-D1A1-4B7B-8F1C-D6E4E3AAD111}.Release|x86.Build.0 = Release|Any CPU
		{3D8652B3-2BB0-4282-9026-C00F000ECDF4}.Debug|Any CPU.ActiveCfg = Debug|Any CPU
		{3D8652B3-2BB0-4282-9026-C00F000ECDF4}.Debug|Any CPU.Build.0 = Debug|Any CPU
		{3D8652B3-2BB0-4282-9026-C00F000ECDF4}.Debug|x64.ActiveCfg = Debug|Any CPU
		{3D8652B3-2BB0-4282-9026-C00F000ECDF4}.Debug|x64.Build.0 = Debug|Any CPU
		{3D8652B3-2BB0-4282-9026-C00F000ECDF4}.Debug|x86.ActiveCfg = Debug|Any CPU
		{3D8652B3-2BB0-4282-9026-C00F000ECDF4}.Debug|x86.Build.0 = Debug|Any CPU
		{3D8652B3-2BB0-4282-9026-C00F000ECDF4}.Release|Any CPU.ActiveCfg = Release|Any CPU
		{3D8652B3-2BB0-4282-9026-C00F000ECDF4}.Release|Any CPU.Build.0 = Release|Any CPU
		{3D8652B3-2BB0-4282-9026-C00F000ECDF4}.Release|x64.ActiveCfg = Release|Any CPU
		{3D8652B3-2BB0-4282-9026-C00F000ECDF4}.Release|x64.Build.0 = Release|Any CPU
		{3D8652B3-2BB0-4282-9026-C00F000ECDF4}.Release|x86.ActiveCfg = Release|Any CPU
		{3D8652B3-2BB0-4282-9026-C00F000ECDF4}.Release|x86.Build.0 = Release|Any CPU
		{F7E8BC71-6CC8-427F-90CE-FF3B9F9C2BB6}.Debug|Any CPU.ActiveCfg = Debug|Any CPU
		{F7E8BC71-6CC8-427F-90CE-FF3B9F9C2BB6}.Debug|Any CPU.Build.0 = Debug|Any CPU
		{F7E8BC71-6CC8-427F-90CE-FF3B9F9C2BB6}.Debug|x64.ActiveCfg = Debug|Any CPU
		{F7E8BC71-6CC8-427F-90CE-FF3B9F9C2BB6}.Debug|x64.Build.0 = Debug|Any CPU
		{F7E8BC71-6CC8-427F-90CE-FF3B9F9C2BB6}.Debug|x86.ActiveCfg = Debug|Any CPU
		{F7E8BC71-6CC8-427F-90CE-FF3B9F9C2BB6}.Debug|x86.Build.0 = Debug|Any CPU
		{F7E8BC71-6CC8-427F-90CE-FF3B9F9C2BB6}.Release|Any CPU.ActiveCfg = Release|Any CPU
		{F7E8BC71-6CC8-427F-90CE-FF3B9F9C2BB6}.Release|Any CPU.Build.0 = Release|Any CPU
		{F7E8BC71-6CC8-427F-90CE-FF3B9F9C2BB6}.Release|x64.ActiveCfg = Release|Any CPU
		{F7E8BC71-6CC8-427F-90CE-FF3B9F9C2BB6}.Release|x64.Build.0 = Release|Any CPU
		{F7E8BC71-6CC8-427F-90CE-FF3B9F9C2BB6}.Release|x86.ActiveCfg = Release|Any CPU
		{F7E8BC71-6CC8-427F-90CE-FF3B9F9C2BB6}.Release|x86.Build.0 = Release|Any CPU
		{3CCCE7D5-8908-479F-926B-3FA5FC088C21}.Debug|Any CPU.ActiveCfg = Debug|Any CPU
		{3CCCE7D5-8908-479F-926B-3FA5FC088C21}.Debug|Any CPU.Build.0 = Debug|Any CPU
		{3CCCE7D5-8908-479F-926B-3FA5FC088C21}.Debug|x64.ActiveCfg = Debug|Any CPU
		{3CCCE7D5-8908-479F-926B-3FA5FC088C21}.Debug|x64.Build.0 = Debug|Any CPU
		{3CCCE7D5-8908-479F-926B-3FA5FC088C21}.Debug|x86.ActiveCfg = Debug|Any CPU
		{3CCCE7D5-8908-479F-926B-3FA5FC088C21}.Debug|x86.Build.0 = Debug|Any CPU
		{3CCCE7D5-8908-479F-926B-3FA5FC088C21}.Release|Any CPU.ActiveCfg = Release|Any CPU
		{3CCCE7D5-8908-479F-926B-3FA5FC088C21}.Release|Any CPU.Build.0 = Release|Any CPU
		{3CCCE7D5-8908-479F-926B-3FA5FC088C21}.Release|x64.ActiveCfg = Release|Any CPU
		{3CCCE7D5-8908-479F-926B-3FA5FC088C21}.Release|x64.Build.0 = Release|Any CPU
		{3CCCE7D5-8908-479F-926B-3FA5FC088C21}.Release|x86.ActiveCfg = Release|Any CPU
		{3CCCE7D5-8908-479F-926B-3FA5FC088C21}.Release|x86.Build.0 = Release|Any CPU
		{D5E4D508-7C8B-4C0A-9B12-171950229F48}.Debug|Any CPU.ActiveCfg = Debug|Any CPU
		{D5E4D508-7C8B-4C0A-9B12-171950229F48}.Debug|Any CPU.Build.0 = Debug|Any CPU
		{D5E4D508-7C8B-4C0A-9B12-171950229F48}.Debug|x64.ActiveCfg = Debug|Any CPU
		{D5E4D508-7C8B-4C0A-9B12-171950229F48}.Debug|x64.Build.0 = Debug|Any CPU
		{D5E4D508-7C8B-4C0A-9B12-171950229F48}.Debug|x86.ActiveCfg = Debug|Any CPU
		{D5E4D508-7C8B-4C0A-9B12-171950229F48}.Debug|x86.Build.0 = Debug|Any CPU
		{D5E4D508-7C8B-4C0A-9B12-171950229F48}.Release|Any CPU.ActiveCfg = Release|Any CPU
		{D5E4D508-7C8B-4C0A-9B12-171950229F48}.Release|Any CPU.Build.0 = Release|Any CPU
		{D5E4D508-7C8B-4C0A-9B12-171950229F48}.Release|x64.ActiveCfg = Release|Any CPU
		{D5E4D508-7C8B-4C0A-9B12-171950229F48}.Release|x64.Build.0 = Release|Any CPU
		{D5E4D508-7C8B-4C0A-9B12-171950229F48}.Release|x86.ActiveCfg = Release|Any CPU
		{D5E4D508-7C8B-4C0A-9B12-171950229F48}.Release|x86.Build.0 = Release|Any CPU
		{318E8694-9680-4ED0-8D32-90B7376FF299}.Debug|Any CPU.ActiveCfg = Debug|Any CPU
		{318E8694-9680-4ED0-8D32-90B7376FF299}.Debug|Any CPU.Build.0 = Debug|Any CPU
		{318E8694-9680-4ED0-8D32-90B7376FF299}.Debug|x64.ActiveCfg = Debug|Any CPU
		{318E8694-9680-4ED0-8D32-90B7376FF299}.Debug|x64.Build.0 = Debug|Any CPU
		{318E8694-9680-4ED0-8D32-90B7376FF299}.Debug|x86.ActiveCfg = Debug|Any CPU
		{318E8694-9680-4ED0-8D32-90B7376FF299}.Debug|x86.Build.0 = Debug|Any CPU
		{318E8694-9680-4ED0-8D32-90B7376FF299}.Release|Any CPU.ActiveCfg = Release|Any CPU
		{318E8694-9680-4ED0-8D32-90B7376FF299}.Release|Any CPU.Build.0 = Release|Any CPU
		{318E8694-9680-4ED0-8D32-90B7376FF299}.Release|x64.ActiveCfg = Release|Any CPU
		{318E8694-9680-4ED0-8D32-90B7376FF299}.Release|x64.Build.0 = Release|Any CPU
		{318E8694-9680-4ED0-8D32-90B7376FF299}.Release|x86.ActiveCfg = Release|Any CPU
		{318E8694-9680-4ED0-8D32-90B7376FF299}.Release|x86.Build.0 = Release|Any CPU
		{0FAAC6F8-83CF-48E4-8B3C-E733D72AB5FF}.Debug|Any CPU.ActiveCfg = Debug|Any CPU
		{0FAAC6F8-83CF-48E4-8B3C-E733D72AB5FF}.Debug|Any CPU.Build.0 = Debug|Any CPU
		{0FAAC6F8-83CF-48E4-8B3C-E733D72AB5FF}.Debug|x64.ActiveCfg = Debug|Any CPU
		{0FAAC6F8-83CF-48E4-8B3C-E733D72AB5FF}.Debug|x64.Build.0 = Debug|Any CPU
		{0FAAC6F8-83CF-48E4-8B3C-E733D72AB5FF}.Debug|x86.ActiveCfg = Debug|Any CPU
		{0FAAC6F8-83CF-48E4-8B3C-E733D72AB5FF}.Debug|x86.Build.0 = Debug|Any CPU
		{0FAAC6F8-83CF-48E4-8B3C-E733D72AB5FF}.Release|Any CPU.ActiveCfg = Release|Any CPU
		{0FAAC6F8-83CF-48E4-8B3C-E733D72AB5FF}.Release|Any CPU.Build.0 = Release|Any CPU
		{0FAAC6F8-83CF-48E4-8B3C-E733D72AB5FF}.Release|x64.ActiveCfg = Release|Any CPU
		{0FAAC6F8-83CF-48E4-8B3C-E733D72AB5FF}.Release|x64.Build.0 = Release|Any CPU
		{0FAAC6F8-83CF-48E4-8B3C-E733D72AB5FF}.Release|x86.ActiveCfg = Release|Any CPU
		{0FAAC6F8-83CF-48E4-8B3C-E733D72AB5FF}.Release|x86.Build.0 = Release|Any CPU
		{9D6A4834-4904-48F3-98B4-AA94BF803EA9}.Debug|Any CPU.ActiveCfg = Debug|Any CPU
		{9D6A4834-4904-48F3-98B4-AA94BF803EA9}.Debug|Any CPU.Build.0 = Debug|Any CPU
		{9D6A4834-4904-48F3-98B4-AA94BF803EA9}.Debug|x64.ActiveCfg = Debug|Any CPU
		{9D6A4834-4904-48F3-98B4-AA94BF803EA9}.Debug|x64.Build.0 = Debug|Any CPU
		{9D6A4834-4904-48F3-98B4-AA94BF803EA9}.Debug|x86.ActiveCfg = Debug|Any CPU
		{9D6A4834-4904-48F3-98B4-AA94BF803EA9}.Debug|x86.Build.0 = Debug|Any CPU
		{9D6A4834-4904-48F3-98B4-AA94BF803EA9}.Release|Any CPU.ActiveCfg = Release|Any CPU
		{9D6A4834-4904-48F3-98B4-AA94BF803EA9}.Release|Any CPU.Build.0 = Release|Any CPU
		{9D6A4834-4904-48F3-98B4-AA94BF803EA9}.Release|x64.ActiveCfg = Release|Any CPU
		{9D6A4834-4904-48F3-98B4-AA94BF803EA9}.Release|x64.Build.0 = Release|Any CPU
		{9D6A4834-4904-48F3-98B4-AA94BF803EA9}.Release|x86.ActiveCfg = Release|Any CPU
		{9D6A4834-4904-48F3-98B4-AA94BF803EA9}.Release|x86.Build.0 = Release|Any CPU
	EndGlobalSection
	GlobalSection(NestedProjects) = preSolution
		{BDDEDF77-B733-416D-B857-2E52FB22E82B} = {CAE36F69-7B4F-477C-B80B-04524699BC2D}
		{28FBBA31-E956-4560-8E8D-D0B35CFF9631} = {CAE36F69-7B4F-477C-B80B-04524699BC2D}
		{491DF1C6-A6ED-46D9-BAB0-4C2CF50B4F01} = {CAE36F69-7B4F-477C-B80B-04524699BC2D}
		{5A9FE500-A2FE-40DB-B521-FE93F3250583} = {2989274C-11A0-49A9-88B6-9C0AE7769903}
		{11DAB0C4-7567-48AD-AF21-F5D118F78728} = {2989274C-11A0-49A9-88B6-9C0AE7769903}
		{881A01DA-2E10-4CBA-9BFF-924A78F383C8} = {2989274C-11A0-49A9-88B6-9C0AE7769903}
		{59995F23-5B42-4603-807E-DF162A0FB047} = {3F53A03A-D930-493E-9113-2CEB373EB7AB}
		{A33EEB5E-8250-4CC3-9862-C1B02EFF44A1} = {3F53A03A-D930-493E-9113-2CEB373EB7AB}
		{7089D798-CCE4-4CB6-AB48-C0B671A07FC1} = {3F53A03A-D930-493E-9113-2CEB373EB7AB}
		{FA0A7C32-838E-4CD0-AAAA-8C54796BF1EA} = {3C6182CF-3CC7-4E2B-8ED0-0F5A140A0B02}
		{21B5C243-0C10-48C4-B75A-4A06F814EBE7} = {3C6182CF-3CC7-4E2B-8ED0-0F5A140A0B02}
		{204C3FF9-C9A0-45FD-80A6-B0B2299C8784} = {3C6182CF-3CC7-4E2B-8ED0-0F5A140A0B02}
		{75F59D29-7EE5-4B94-B80D-28211F7FE7F9} = {46E18A51-4D09-45CE-A998-3DF6CC9ABA73}
		{F48F4866-9BBA-47B7-A902-BCCF693365C5} = {46E18A51-4D09-45CE-A998-3DF6CC9ABA73}
		{956C9A3B-7A63-4A60-843A-38B2211331BC} = {46E18A51-4D09-45CE-A998-3DF6CC9ABA73}
		{95C8A8D9-2B58-4DFC-9F41-3CB4F1D14E60} = {EEE31BC1-5343-49FF-9E85-195BAB61F869}
		{296C416F-D1A1-4B7B-8F1C-D6E4E3AAD111} = {EEE31BC1-5343-49FF-9E85-195BAB61F869}
		{3D8652B3-2BB0-4282-9026-C00F000ECDF4} = {EEE31BC1-5343-49FF-9E85-195BAB61F869}
		{F7E8BC71-6CC8-427F-90CE-FF3B9F9C2BB6} = {4E53631E-D9CD-42BA-8276-CA20DACABAB6}
		{3CCCE7D5-8908-479F-926B-3FA5FC088C21} = {4E53631E-D9CD-42BA-8276-CA20DACABAB6}
		{D5E4D508-7C8B-4C0A-9B12-171950229F48} = {4E53631E-D9CD-42BA-8276-CA20DACABAB6}
		{318E8694-9680-4ED0-8D32-90B7376FF299} = {95E5BF8C-8FBF-44D5-9B12-51411FF10A7C}
		{0FAAC6F8-83CF-48E4-8B3C-E733D72AB5FF} = {95E5BF8C-8FBF-44D5-9B12-51411FF10A7C}
		{9D6A4834-4904-48F3-98B4-AA94BF803EA9} = {95E5BF8C-8FBF-44D5-9B12-51411FF10A7C}
	EndGlobalSection
EndGlobal
