
Microsoft Visual Studio Solution File, Format Version 12.00
# Visual Studio Version 17
VisualStudioVersion = 17.11.35222.181
MinimumVisualStudioVersion = 10.0.40219.1
Project("{2150E333-8FDC-42A3-9474-1A3956D46DE8}") = "Task0", "Task0", "{CAE36F69-7B4F-477C-B80B-04524699BC2D}"
EndProject
Project("{FAE04EC0-301F-11D3-BF4B-00C04F79EFBC}") = "Tyuiu.SyrtsovaSA.Sprint3.Task0.V26", "Tyuiu.SyrtsovaSA.Sprint3.Task0.V26\Tyuiu.SyrtsovaSA.Sprint3.Task0.V26.csproj", "{BDDEDF77-B733-416D-B857-2E52FB22E82B}"
EndProject
Project("{FAE04EC0-301F-11D3-BF4B-00C04F79EFBC}") = "Tyuiu.SyrtsovaSA.Sprint3.Task0.V26.Lib", "Tyuiu.SyrtsovaSA.Sprint3.Task0.V26.Lib\Tyuiu.SyrtsovaSA.Sprint3.Task0.V26.Lib.csproj", "{28FBBA31-E956-4560-8E8D-D0B35CFF9631}"
EndProject
Project("{FAE04EC0-301F-11D3-BF4B-00C04F79EFBC}") = "Tyuiu.SyrtsovaSA.Sprint3.Task0.V26.Test", "Tyuiu.SyrtsovaSA.Sprint3.Task0.V26.Test\Tyuiu.SyrtsovaSA.Sprint3.Task0.V26.Test.csproj", "{491DF1C6-A6ED-46D9-BAB0-4C2CF50B4F01}"
EndProject
Project("{2150E333-8FDC-42A3-9474-1A3956D46DE8}") = "Task1", "Task1", "{2989274C-11A0-49A9-88B6-9C0AE7769903}"
EndProject
Project("{FAE04EC0-301F-11D3-BF4B-00C04F79EFBC}") = "Tyuiu.SyrtsovaSA.Sprint3.Task1.V28", "Tyuiu.SyrtsovaSA.Sprint3.Task1.V28\Tyuiu.SyrtsovaSA.Sprint3.Task1.V28.csproj", "{5A9FE500-A2FE-40DB-B521-FE93F3250583}"
EndProject
Project("{FAE04EC0-301F-11D3-BF4B-00C04F79EFBC}") = "Tyuiu.SyrtsovaSA.Sprint3.Task1.V28.Lib", "Tyuiu.SyrtsovaSA.Sprint3.Task1.V28.Lib\Tyuiu.SyrtsovaSA.Sprint3.Task1.V28.Lib.csproj", "{11DAB0C4-7567-48AD-AF21-F5D118F78728}"
EndProject
Project("{FAE04EC0-301F-11D3-BF4B-00C04F79EFBC}") = "Tyuiu.SyrtsovaSA.Sprint3.Task1.V28.Test", "Tyuiu.SyrtsovaSA.Sprint3.Task1.V28.Test\Tyuiu.SyrtsovaSA.Sprint3.Task1.V28.Test.csproj", "{881A01DA-2E10-4CBA-9BFF-924A78F383C8}"
EndProject
Project("{2150E333-8FDC-42A3-9474-1A3956D46DE8}") = "Task2", "Task2", "{3F53A03A-D930-493E-9113-2CEB373EB7AB}"
EndProject
Project("{FAE04EC0-301F-11D3-BF4B-00C04F79EFBC}") = "Tyuiu.SyrtsovaSA.Sprint3.Task2.V19", "Tyuiu.SyrtsovaSA.Sprint3.Task2.V19\Tyuiu.SyrtsovaSA.Sprint3.Task2.V19.csproj", "{59995F23-5B42-4603-807E-DF162A0FB047}"
EndProject
Project("{FAE04EC0-301F-11D3-BF4B-00C04F79EFBC}") = "Tyuiu.SyrtsovaSA.Sprint3.Task2.V19.Lib", "Tyuiu.SyrtsovaSA.Sprint3.Task2.V19.Lib\Tyuiu.SyrtsovaSA.Sprint3.Task2.V19.Lib.csproj", "{A33EEB5E-8250-4CC3-9862-C1B02EFF44A1}"
EndProject
Project("{FAE04EC0-301F-11D3-BF4B-00C04F79EFBC}") = "Tyuiu.SyrtsovaSA.Sprint3.Task2.V19.Test", "Tyuiu.SyrtsovaSA.Sprint3.Task2.V19.Test\Tyuiu.SyrtsovaSA.Sprint3.Task2.V19.Test.csproj", "{7089D798-CCE4-4CB6-AB48-C0B671A07FC1}"
EndProject
Global
	GlobalSection(SolutionProperties) = preSolution
		HideSolutionNode = FALSE
	EndGlobalSection
	GlobalSection(ExtensibilityGlobals) = postSolution
		SolutionGuid = {0C3598A0-5B87-48A9-8B00-6ADF446C5F72}
	EndGlobalSection
	GlobalSection(SolutionConfigurationPlatforms) = preSolution
		Debug|Any CPU = Debug|Any CPU
		Debug|x64 = Debug|x64
		Debug|x86 = Debug|x86
		Release|Any CPU = Release|Any CPU
		Release|x64 = Release|x64
		Release|x86 = Release|x86
	EndGlobalSection
	GlobalSection(ProjectConfigurationPlatforms) = postSolution
		{BDDEDF77-B733-416D-B857-2E52FB22E82B}.Debug|Any CPU.ActiveCfg = Debug|Any CPU
		{BDDEDF77-B733-416D-B857-2E52FB22E82B}.Debug|Any CPU.Build.0 = Debug|Any CPU
		{BDDEDF77-B733-416D-B857-2E52FB22E82B}.Debug|x64.ActiveCfg = Debug|Any CPU
		{BDDEDF77-B733-416D-B857-2E52FB22E82B}.Debug|x64.Build.0 = Debug|Any CPU
		{BDDEDF77-B733-416D-B857-2E52FB22E82B}.Debug|x86.ActiveCfg = Debug|Any CPU
		{BDDEDF77-B733-416D-B857-2E52FB22E82B}.Debug|x86.Build.0 = Debug|Any CPU
		{BDDEDF77-B733-416D-B857-2E52FB22E82B}.Release|Any CPU.ActiveCfg = Release|Any CPU
		{BDDEDF77-B733-416D-B857-2E52FB22E82B}.Release|Any CPU.Build.0 = Release|Any CPU
		{BDDEDF77-B733-416D-B857-2E52FB22E82B}.Release|x64.ActiveCfg = Release|Any CPU
		{BDDEDF77-B733-416D-B857-2E52FB22E82B}.Release|x64.Build.0 = Release|Any CPU
		{BDDEDF77-B733-416D-B857-2E52FB22E82B}.Release|x86.ActiveCfg = Release|Any CPU
		{BDDEDF77-B733-416D-B857-2E52FB22E82B}.Release|x86.Build.0 = Release|Any CPU
		{28FBBA31-E956-4560-8E8D-D0B35CFF9631}.Debug|Any CPU.ActiveCfg = Debug|Any CPU
		{28FBBA31-E956-4560-8E8D-D0B35CFF9631}.Debug|Any CPU.Build.0 = Debug|Any CPU
		{28FBBA31-E956-4560-8E8D-D0B35CFF9631}.Debug|x64.ActiveCfg = Debug|Any CPU
		{28FBBA31-E956-4560-8E8D-D0B35CFF9631}.Debug|x64.Build.0 = Debug|Any CPU
		{28FBBA31-E956-4560-8E8D-D0B35CFF9631}.Debug|x86.ActiveCfg = Debug|Any CPU
		{28FBBA31-E956-4560-8E8D-D0B35CFF9631}.Debug|x86.Build.0 = Debug|Any CPU
		{28FBBA31-E956-4560-8E8D-D0B35CFF9631}.Release|Any CPU.ActiveCfg = Release|Any CPU
		{28FBBA31-E956-4560-8E8D-D0B35CFF9631}.Release|Any CPU.Build.0 = Release|Any CPU
		{28FBBA31-E956-4560-8E8D-D0B35CFF9631}.Release|x64.ActiveCfg = Release|Any CPU
		{28FBBA31-E956-4560-8E8D-D0B35CFF9631}.Release|x64.Build.0 = Release|Any CPU
		{28FBBA31-E956-4560-8E8D-D0B35CFF9631}.Release|x86.ActiveCfg = Release|Any CPU
		{28FBBA31-E956-4560-8E8D-D0B35CFF9631}.Release|x86.Build.0 = Release|Any CPU
		{491DF1C6-A6ED-46D9-BAB0-4C2CF50B4F01}.Debug|Any CPU.ActiveCfg = Debug|Any CPU
		{491DF1C6-A6ED-46D9-BAB0-4C2CF50B4F01}.Debug|Any CPU.Build.0 = Debug|Any CPU
		{491DF1C6-A6ED-46D9-BAB0-4C2CF50B4F01}.Debug|x64.ActiveCfg = Debug|Any CPU
		{491DF1C6-A6ED-46D9-BAB0-4C2CF50B4F01}.Debug|x64.Build.0 = Debug|Any CPU
		{491DF1C6-A6ED-46D9-BAB0-4C2CF50B4F01}.Debug|x86.ActiveCfg = Debug|Any CPU
		{491DF1C6-A6ED-46D9-BAB0-4C2CF50B4F01}.Debug|x86.Build.0 = Debug|Any CPU
		{491DF1C6-A6ED-46D9-BAB0-4C2CF50B4F01}.Release|Any CPU.ActiveCfg = Release|Any CPU
		{491DF1C6-A6ED-46D9-BAB0-4C2CF50B4F01}.Release|Any CPU.Build.0 = Release|Any CPU
		{491DF1C6-A6ED-46D9-BAB0-4C2CF50B4F01}.Release|x64.ActiveCfg = Release|Any CPU
		{491DF1C6-A6ED-46D9-BAB0-4C2CF50B4F01}.Release|x64.Build.0 = Release|Any CPU
		{491DF1C6-A6ED-46D9-BAB0-4C2CF50B4F01}.Release|x86.ActiveCfg = Release|Any CPU
		{491DF1C6-A6ED-46D9-BAB0-4C2CF50B4F01}.Release|x86.Build.0 = Release|Any CPU
		{5A9FE500-A2FE-40DB-B521-FE93F3250583}.Debug|Any CPU.ActiveCfg = Debug|Any CPU
		{5A9FE500-A2FE-40DB-B521-FE93F3250583}.Debug|Any CPU.Build.0 = Debug|Any CPU
		{5A9FE500-A2FE-40DB-B521-FE93F3250583}.Debug|x64.ActiveCfg = Debug|Any CPU
		{5A9FE500-A2FE-40DB-B521-FE93F3250583}.Debug|x64.Build.0 = Debug|Any CPU
		{5A9FE500-A2FE-40DB-B521-FE93F3250583}.Debug|x86.ActiveCfg = Debug|Any CPU
		{5A9FE500-A2FE-40DB-B521-FE93F3250583}.Debug|x86.Build.0 = Debug|Any CPU
		{5A9FE500-A2FE-40DB-B521-FE93F3250583}.Release|Any CPU.ActiveCfg = Release|Any CPU
		{5A9FE500-A2FE-40DB-B521-FE93F3250583}.Release|Any CPU.Build.0 = Release|Any CPU
		{5A9FE500-A2FE-40DB-B521-FE93F3250583}.Release|x64.ActiveCfg = Release|Any CPU
		{5A9FE500-A2FE-40DB-B521-FE93F3250583}.Release|x64.Build.0 = Release|Any CPU
		{5A9FE500-A2FE-40DB-B521-FE93F3250583}.Release|x86.ActiveCfg = Release|Any CPU
		{5A9FE500-A2FE-40DB-B521-FE93F3250583}.Release|x86.Build.0 = Release|Any CPU
		{11DAB0C4-7567-48AD-AF21-F5D118F78728}.Debug|Any CPU.ActiveCfg = Debug|Any CPU
		{11DAB0C4-7567-48AD-AF21-F5D118F78728}.Debug|Any CPU.Build.0 = Debug|Any CPU
		{11DAB0C4-7567-48AD-AF21-F5D118F78728}.Debug|x64.ActiveCfg = Debug|Any CPU
		{11DAB0C4-7567-48AD-AF21-F5D118F78728}.Debug|x64.Build.0 = Debug|Any CPU
		{11DAB0C4-7567-48AD-AF21-F5D118F78728}.Debug|x86.ActiveCfg = Debug|Any CPU
		{11DAB0C4-7567-48AD-AF21-F5D118F78728}.Debug|x86.Build.0 = Debug|Any CPU
		{11DAB0C4-7567-48AD-AF21-F5D118F78728}.Release|Any CPU.ActiveCfg = Release|Any CPU
		{11DAB0C4-7567-48AD-AF21-F5D118F78728}.Release|Any CPU.Build.0 = Release|Any CPU
		{11DAB0C4-7567-48AD-AF21-F5D118F78728}.Release|x64.ActiveCfg = Release|Any CPU
		{11DAB0C4-7567-48AD-AF21-F5D118F78728}.Release|x64.Build.0 = Release|Any CPU
		{11DAB0C4-7567-48AD-AF21-F5D118F78728}.Release|x86.ActiveCfg = Release|Any CPU
		{11DAB0C4-7567-48AD-AF21-F5D118F78728}.Release|x86.Build.0 = Release|Any CPU
		{881A01DA-2E10-4CBA-9BFF-924A78F383C8}.Debug|Any CPU.ActiveCfg = Debug|Any CPU
		{881A01DA-2E10-4CBA-9BFF-924A78F383C8}.Debug|Any CPU.Build.0 = Debug|Any CPU
		{881A01DA-2E10-4CBA-9BFF-924A78F383C8}.Debug|x64.ActiveCfg = Debug|Any CPU
		{881A01DA-2E10-4CBA-9BFF-924A78F383C8}.Debug|x64.Build.0 = Debug|Any CPU
		{881A01DA-2E10-4CBA-9BFF-924A78F383C8}.Debug|x86.ActiveCfg = Debug|Any CPU
		{881A01DA-2E10-4CBA-9BFF-924A78F383C8}.Debug|x86.Build.0 = Debug|Any CPU
		{881A01DA-2E10-4CBA-9BFF-924A78F383C8}.Release|Any CPU.ActiveCfg = Release|Any CPU
		{881A01DA-2E10-4CBA-9BFF-924A78F383C8}.Release|Any CPU.Build.0 = Release|Any CPU
		{881A01DA-2E10-4CBA-9BFF-924A78F383C8}.Release|x64.ActiveCfg = Release|Any CPU
		{881A01DA-2E10-4CBA-9BFF-924A78F383C8}.Release|x64.Build.0 = Release|Any CPU
		{881A01DA-2E10-4CBA-9BFF-924A78F383C8}.Release|x86.ActiveCfg = Release|Any CPU
		{881A01DA-2E10-4CBA-9BFF-924A78F383C8}.Release|x86.Build.0 = Release|Any CPU
		{59995F23-5B42-4603-807E-DF162A0FB047}.Debug|Any CPU.ActiveCfg = Debug|Any CPU
		{59995F23-5B42-4603-807E-DF162A0FB047}.Debug|Any CPU.Build.0 = Debug|Any CPU
		{59995F23-5B42-4603-807E-DF162A0FB047}.Debug|x64.ActiveCfg = Debug|Any CPU
		{59995F23-5B42-4603-807E-DF162A0FB047}.Debug|x64.Build.0 = Debug|Any CPU
		{59995F23-5B42-4603-807E-DF162A0FB047}.Debug|x86.ActiveCfg = Debug|Any CPU
		{59995F23-5B42-4603-807E-DF162A0FB047}.Debug|x86.Build.0 = Debug|Any CPU
		{59995F23-5B42-4603-807E-DF162A0FB047}.Release|Any CPU.ActiveCfg = Release|Any CPU
		{59995F23-5B42-4603-807E-DF162A0FB047}.Release|Any CPU.Build.0 = Release|Any CPU
		{59995F23-5B42-4603-807E-DF162A0FB047}.Release|x64.ActiveCfg = Release|Any CPU
		{59995F23-5B42-4603-807E-DF162A0FB047}.Release|x64.Build.0 = Release|Any CPU
		{59995F23-5B42-4603-807E-DF162A0FB047}.Release|x86.ActiveCfg = Release|Any CPU
		{59995F23-5B42-4603-807E-DF162A0FB047}.Release|x86.Build.0 = Release|Any CPU
		{A33EEB5E-8250-4CC3-9862-C1B02EFF44A1}.Debug|Any CPU.ActiveCfg = Debug|Any CPU
		{A33EEB5E-8250-4CC3-9862-C1B02EFF44A1}.Debug|Any CPU.Build.0 = Debug|Any CPU
		{A33EEB5E-8250-4CC3-9862-C1B02EFF44A1}.Debug|x64.ActiveCfg = Debug|Any CPU
		{A33EEB5E-8250-4CC3-9862-C1B02EFF44A1}.Debug|x64.Build.0 = Debug|Any CPU
		{A33EEB5E-8250-4CC3-9862-C1B02EFF44A1}.Debug|x86.ActiveCfg = Debug|Any CPU
		{A33EEB5E-8250-4CC3-9862-C1B02EFF44A1}.Debug|x86.Build.0 = Debug|Any CPU
		{A33EEB5E-8250-4CC3-9862-C1B02EFF44A1}.Release|Any CPU.ActiveCfg = Release|Any CPU
		{A33EEB5E-8250-4CC3-9862-C1B02EFF44A1}.Release|Any CPU.Build.0 = Release|Any CPU
		{A33EEB5E-8250-4CC3-9862-C1B02EFF44A1}.Release|x64.ActiveCfg = Release|Any CPU
		{A33EEB5E-8250-4CC3-9862-C1B02EFF44A1}.Release|x64.Build.0 = Release|Any CPU
		{A33EEB5E-8250-4CC3-9862-C1B02EFF44A1}.Release|x86.ActiveCfg = Release|Any CPU
		{A33EEB5E-8250-4CC3-9862-C1B02EFF44A1}.Release|x86.Build.0 = Release|Any CPU
		{7089D798-CCE4-4CB6-AB48-C0B671A07FC1}.Debug|Any CPU.ActiveCfg = Debug|Any CPU
		{7089D798-CCE4-4CB6-AB48-C0B671A07FC1}.Debug|Any CPU.Build.0 = Debug|Any CPU
		{7089D798-CCE4-4CB6-AB48-C0B671A07FC1}.Debug|x64.ActiveCfg = Debug|Any CPU
		{7089D798-CCE4-4CB6-AB48-C0B671A07FC1}.Debug|x64.Build.0 = Debug|Any CPU
		{7089D798-CCE4-4CB6-AB48-C0B671A07FC1}.Debug|x86.ActiveCfg = Debug|Any CPU
		{7089D798-CCE4-4CB6-AB48-C0B671A07FC1}.Debug|x86.Build.0 = Debug|Any CPU
		{7089D798-CCE4-4CB6-AB48-C0B671A07FC1}.Release|Any CPU.ActiveCfg = Release|Any CPU
		{7089D798-CCE4-4CB6-AB48-C0B671A07FC1}.Release|Any CPU.Build.0 = Release|Any CPU
		{7089D798-CCE4-4CB6-AB48-C0B671A07FC1}.Release|x64.ActiveCfg = Release|Any CPU
		{7089D798-CCE4-4CB6-AB48-C0B671A07FC1}.Release|x64.Build.0 = Release|Any CPU
		{7089D798-CCE4-4CB6-AB48-C0B671A07FC1}.Release|x86.ActiveCfg = Release|Any CPU
		{7089D798-CCE4-4CB6-AB48-C0B671A07FC1}.Release|x86.Build.0 = Release|Any CPU
	EndGlobalSection
	GlobalSection(NestedProjects) = preSolution
		{BDDEDF77-B733-416D-B857-2E52FB22E82B} = {CAE36F69-7B4F-477C-B80B-04524699BC2D}
		{28FBBA31-E956-4560-8E8D-D0B35CFF9631} = {CAE36F69-7B4F-477C-B80B-04524699BC2D}
		{491DF1C6-A6ED-46D9-BAB0-4C2CF50B4F01} = {CAE36F69-7B4F-477C-B80B-04524699BC2D}
		{5A9FE500-A2FE-40DB-B521-FE93F3250583} = {2989274C-11A0-49A9-88B6-9C0AE7769903}
		{11DAB0C4-7567-48AD-AF21-F5D118F78728} = {2989274C-11A0-49A9-88B6-9C0AE7769903}
		{881A01DA-2E10-4CBA-9BFF-924A78F383C8} = {2989274C-11A0-49A9-88B6-9C0AE7769903}
		{59995F23-5B42-4603-807E-DF162A0FB047} = {3F53A03A-D930-493E-9113-2CEB373EB7AB}
		{A33EEB5E-8250-4CC3-9862-C1B02EFF44A1} = {3F53A03A-D930-493E-9113-2CEB373EB7AB}
		{7089D798-CCE4-4CB6-AB48-C0B671A07FC1} = {3F53A03A-D930-493E-9113-2CEB373EB7AB}
	EndGlobalSection
EndGlobal
